
Microsoft Visual Studio Solution File, Format Version 12.00
# Visual Studio Version 16
VisualStudioVersion = 16.0.31702.278
MinimumVisualStudioVersion = 10.0.40219.1
Project("{FAE04EC0-301F-11D3-BF4B-00C04F79EFBC}") = "WorkApp", "WorkApp\WorkApp.csproj", "{187A4B49-57ED-4CAA-A392-0852C4C6C9B8}"
EndProject
Global
	GlobalSection(SolutionConfigurationPlatforms) = preSolution
		Debug|Any CPU = Debug|Any CPU
		Release|Any CPU = Release|Any CPU
	EndGlobalSection
	GlobalSection(ProjectConfigurationPlatforms) = postSolution
		{187A4B49-57ED-4CAA-A392-0852C4C6C9B8}.Debug|Any CPU.ActiveCfg = Debug|Any CPU
		{187A4B49-57ED-4CAA-A392-0852C4C6C9B8}.Debug|Any CPU.Build.0 = Debug|Any CPU
		{187A4B49-57ED-4CAA-A392-0852C4C6C9B8}.Release|Any CPU.ActiveCfg = Release|Any CPU
		{187A4B49-57ED-4CAA-A392-0852C4C6C9B8}.Release|Any CPU.Build.0 = Release|Any CPU
	EndGlobalSection
	GlobalSection(SolutionProperties) = preSolution
		HideSolutionNode = FALSE
	EndGlobalSection
	GlobalSection(ExtensibilityGlobals) = postSolution
		SolutionGuid = {1D21564E-4FD2-40BE-B6C9-A2AFA95ADB18}
	EndGlobalSection
EndGlobal
